// !$*UTF8*$!
{
	archiveVersion = 1;
	classes = {
	};
	objectVersion = 46;
	objects = {

/* Begin PBXBuildFile section */
		440FD5F4197CAD0C0017E92E /* Foundation.framework in Frameworks */ = {isa = PBXBuildFile; fileRef = 440FD5F3197CAD0C0017E92E /* Foundation.framework */; };
		440FD5F6197CAD0C0017E92E /* CoreGraphics.framework in Frameworks */ = {isa = PBXBuildFile; fileRef = 440FD5F5197CAD0C0017E92E /* CoreGraphics.framework */; };
		440FD5F8197CAD0C0017E92E /* UIKit.framework in Frameworks */ = {isa = PBXBuildFile; fileRef = 440FD5F7197CAD0C0017E92E /* UIKit.framework */; };
		440FD5FA197CAD0D0017E92E /* SpriteKit.framework in Frameworks */ = {isa = PBXBuildFile; fileRef = 440FD5F9197CAD0D0017E92E /* SpriteKit.framework */; };
		440FD600197CAD0D0017E92E /* InfoPlist.strings in Resources */ = {isa = PBXBuildFile; fileRef = 440FD5FE197CAD0D0017E92E /* InfoPlist.strings */; };
		440FD602197CAD0D0017E92E /* main.m in Sources */ = {isa = PBXBuildFile; fileRef = 440FD601197CAD0D0017E92E /* main.m */; };
		440FD606197CAD0D0017E92E /* AppDelegate.m in Sources */ = {isa = PBXBuildFile; fileRef = 440FD605197CAD0D0017E92E /* AppDelegate.m */; };
		440FD609197CAD0D0017E92E /* Main_iPhone.storyboard in Resources */ = {isa = PBXBuildFile; fileRef = 440FD607197CAD0D0017E92E /* Main_iPhone.storyboard */; };
		440FD60C197CAD0D0017E92E /* Main_iPad.storyboard in Resources */ = {isa = PBXBuildFile; fileRef = 440FD60A197CAD0D0017E92E /* Main_iPad.storyboard */; };
		440FD60F197CAD0D0017E92E /* ViewController.m in Sources */ = {isa = PBXBuildFile; fileRef = 440FD60E197CAD0D0017E92E /* ViewController.m */; };
		440FD612197CAD0D0017E92E /* MyScene.m in Sources */ = {isa = PBXBuildFile; fileRef = 440FD611197CAD0D0017E92E /* MyScene.m */; };
		440FD616197CAD0D0017E92E /* Images.xcassets in Resources */ = {isa = PBXBuildFile; fileRef = 440FD615197CAD0D0017E92E /* Images.xcassets */; };
		440FD61D197CAD0D0017E92E /* XCTest.framework in Frameworks */ = {isa = PBXBuildFile; fileRef = 440FD61C197CAD0D0017E92E /* XCTest.framework */; };
		440FD61E197CAD0D0017E92E /* Foundation.framework in Frameworks */ = {isa = PBXBuildFile; fileRef = 440FD5F3197CAD0C0017E92E /* Foundation.framework */; };
		440FD61F197CAD0D0017E92E /* UIKit.framework in Frameworks */ = {isa = PBXBuildFile; fileRef = 440FD5F7197CAD0C0017E92E /* UIKit.framework */; };
		440FD627197CAD0D0017E92E /* InfoPlist.strings in Resources */ = {isa = PBXBuildFile; fileRef = 440FD625197CAD0D0017E92E /* InfoPlist.strings */; };
		440FD629197CAD0D0017E92E /* SmashingTests.m in Sources */ = {isa = PBXBuildFile; fileRef = 440FD628197CAD0D0017E92E /* SmashingTests.m */; };
		440FD634197CAE7D0017E92E /* ball.png in Resources */ = {isa = PBXBuildFile; fileRef = 440FD633197CAE7D0017E92E /* ball.png */; };
		440FD636197CAE820017E92E /* bug.png in Resources */ = {isa = PBXBuildFile; fileRef = 440FD635197CAE820017E92E /* bug.png */; };
		440FD638197CAF220017E92E /* ground.png in Resources */ = {isa = PBXBuildFile; fileRef = 440FD637197CAF220017E92E /* ground.png */; };
		440FD63B197CBCCB0017E92E /* Bug.m in Sources */ = {isa = PBXBuildFile; fileRef = 440FD63A197CBCCB0017E92E /* Bug.m */; };
		440FD645197CD3B60017E92E /* QuartzCore.framework in Frameworks */ = {isa = PBXBuildFile; fileRef = 440FD644197CD3B60017E92E /* QuartzCore.framework */; };
		440FD65F197E03870017E92E /* DRIP.WAV in Resources */ = {isa = PBXBuildFile; fileRef = 440FD65E197E03870017E92E /* DRIP.WAV */; };
		440FD663197E04B20017E92E /* snare02.wav in Resources */ = {isa = PBXBuildFile; fileRef = 440FD662197E04B20017E92E /* snare02.wav */; };
		440FD665197E051D0017E92E /* 606chat.wav in Resources */ = {isa = PBXBuildFile; fileRef = 440FD664197E051D0017E92E /* 606chat.wav */; };
		440FD667197E085E0017E92E /* Lose.mp3 in Resources */ = {isa = PBXBuildFile; fileRef = 440FD666197E085E0017E92E /* Lose.mp3 */; };
		440FD669197E0A280017E92E /* CRYSTAL5.WAV in Resources */ = {isa = PBXBuildFile; fileRef = 440FD668197E0A280017E92E /* CRYSTAL5.WAV */; };
		440FD66D197E0BC80017E92E /* action.png in Resources */ = {isa = PBXBuildFile; fileRef = 440FD66B197E0BC80017E92E /* action.png */; };
		440FD66F197E0F420017E92E /* rate.png in Resources */ = {isa = PBXBuildFile; fileRef = 440FD66E197E0F420017E92E /* rate.png */; };
		440FD671197E12520017E92E /* GameKit.framework in Frameworks */ = {isa = PBXBuildFile; fileRef = 440FD670197E12520017E92E /* GameKit.framework */; };
		440FD682197E15D60017E92E /* GameKitHelper.m in Sources */ = {isa = PBXBuildFile; fileRef = 440FD681197E15D60017E92E /* GameKitHelper.m */; };
		440FD685197E1CC40017E92E /* AchievementsHelper.m in Sources */ = {isa = PBXBuildFile; fileRef = 440FD684197E1CC40017E92E /* AchievementsHelper.m */; };
/* End PBXBuildFile section */

/* Begin PBXContainerItemProxy section */
		440FD620197CAD0D0017E92E /* PBXContainerItemProxy */ = {
			isa = PBXContainerItemProxy;
			containerPortal = 440FD5E8197CAD0C0017E92E /* Project object */;
			proxyType = 1;
			remoteGlobalIDString = 440FD5EF197CAD0C0017E92E;
			remoteInfo = Smashing;
		};
/* End PBXContainerItemProxy section */

/* Begin PBXFileReference section */
		440FD5F0197CAD0C0017E92E /* Smashing.app */ = {isa = PBXFileReference; explicitFileType = wrapper.application; includeInIndex = 0; path = Smashing.app; sourceTree = BUILT_PRODUCTS_DIR; };
		440FD5F3197CAD0C0017E92E /* Foundation.framework */ = {isa = PBXFileReference; lastKnownFileType = wrapper.framework; name = Foundation.framework; path = System/Library/Frameworks/Foundation.framework; sourceTree = SDKROOT; };
		440FD5F5197CAD0C0017E92E /* CoreGraphics.framework */ = {isa = PBXFileReference; lastKnownFileType = wrapper.framework; name = CoreGraphics.framework; path = System/Library/Frameworks/CoreGraphics.framework; sourceTree = SDKROOT; };
		440FD5F7197CAD0C0017E92E /* UIKit.framework */ = {isa = PBXFileReference; lastKnownFileType = wrapper.framework; name = UIKit.framework; path = System/Library/Frameworks/UIKit.framework; sourceTree = SDKROOT; };
		440FD5F9197CAD0D0017E92E /* SpriteKit.framework */ = {isa = PBXFileReference; lastKnownFileType = wrapper.framework; name = SpriteKit.framework; path = System/Library/Frameworks/SpriteKit.framework; sourceTree = SDKROOT; };
		440FD5FF197CAD0D0017E92E /* en */ = {isa = PBXFileReference; lastKnownFileType = text.plist.strings; name = en; path = en.lproj/InfoPlist.strings; sourceTree = "<group>"; };
		440FD601197CAD0D0017E92E /* main.m */ = {isa = PBXFileReference; lastKnownFileType = sourcecode.c.objc; path = main.m; sourceTree = "<group>"; };
		440FD603197CAD0D0017E92E /* Smashing-Prefix.pch */ = {isa = PBXFileReference; lastKnownFileType = sourcecode.c.h; path = "Smashing-Prefix.pch"; sourceTree = "<group>"; };
		440FD604197CAD0D0017E92E /* AppDelegate.h */ = {isa = PBXFileReference; lastKnownFileType = sourcecode.c.h; path = AppDelegate.h; sourceTree = "<group>"; };
		440FD605197CAD0D0017E92E /* AppDelegate.m */ = {isa = PBXFileReference; lastKnownFileType = sourcecode.c.objc; path = AppDelegate.m; sourceTree = "<group>"; };
		440FD608197CAD0D0017E92E /* Base */ = {isa = PBXFileReference; lastKnownFileType = file.storyboard; name = Base; path = Base.lproj/Main_iPhone.storyboard; sourceTree = "<group>"; };
		440FD60B197CAD0D0017E92E /* Base */ = {isa = PBXFileReference; lastKnownFileType = file.storyboard; name = Base; path = Base.lproj/Main_iPad.storyboard; sourceTree = "<group>"; };
		440FD60D197CAD0D0017E92E /* ViewController.h */ = {isa = PBXFileReference; lastKnownFileType = sourcecode.c.h; path = ViewController.h; sourceTree = "<group>"; };
		440FD60E197CAD0D0017E92E /* ViewController.m */ = {isa = PBXFileReference; lastKnownFileType = sourcecode.c.objc; path = ViewController.m; sourceTree = "<group>"; };
		440FD610197CAD0D0017E92E /* MyScene.h */ = {isa = PBXFileReference; lastKnownFileType = sourcecode.c.h; path = MyScene.h; sourceTree = "<group>"; };
		440FD611197CAD0D0017E92E /* MyScene.m */ = {isa = PBXFileReference; lastKnownFileType = sourcecode.c.objc; path = MyScene.m; sourceTree = "<group>"; };
		440FD615197CAD0D0017E92E /* Images.xcassets */ = {isa = PBXFileReference; lastKnownFileType = folder.assetcatalog; path = Images.xcassets; sourceTree = "<group>"; };
		440FD61B197CAD0D0017E92E /* SmashingTests.xctest */ = {isa = PBXFileReference; explicitFileType = wrapper.cfbundle; includeInIndex = 0; path = SmashingTests.xctest; sourceTree = BUILT_PRODUCTS_DIR; };
		440FD61C197CAD0D0017E92E /* XCTest.framework */ = {isa = PBXFileReference; lastKnownFileType = wrapper.framework; name = XCTest.framework; path = Library/Frameworks/XCTest.framework; sourceTree = DEVELOPER_DIR; };
		440FD624197CAD0D0017E92E /* SmashingTests-Info.plist */ = {isa = PBXFileReference; lastKnownFileType = text.plist.xml; path = "SmashingTests-Info.plist"; sourceTree = "<group>"; };
		440FD626197CAD0D0017E92E /* en */ = {isa = PBXFileReference; lastKnownFileType = text.plist.strings; name = en; path = en.lproj/InfoPlist.strings; sourceTree = "<group>"; };
		440FD628197CAD0D0017E92E /* SmashingTests.m */ = {isa = PBXFileReference; lastKnownFileType = sourcecode.c.objc; path = SmashingTests.m; sourceTree = "<group>"; };
		440FD633197CAE7D0017E92E /* ball.png */ = {isa = PBXFileReference; lastKnownFileType = image.png; path = ball.png; sourceTree = "<group>"; };
		440FD635197CAE820017E92E /* bug.png */ = {isa = PBXFileReference; lastKnownFileType = image.png; path = bug.png; sourceTree = "<group>"; };
		440FD637197CAF220017E92E /* ground.png */ = {isa = PBXFileReference; lastKnownFileType = image.png; path = ground.png; sourceTree = "<group>"; };
		440FD639197CBCCB0017E92E /* Bug.h */ = {isa = PBXFileReference; fileEncoding = 4; lastKnownFileType = sourcecode.c.h; path = Bug.h; sourceTree = "<group>"; };
		440FD63A197CBCCB0017E92E /* Bug.m */ = {isa = PBXFileReference; fileEncoding = 4; lastKnownFileType = sourcecode.c.objc; path = Bug.m; sourceTree = "<group>"; };
		440FD644197CD3B60017E92E /* QuartzCore.framework */ = {isa = PBXFileReference; lastKnownFileType = wrapper.framework; name = QuartzCore.framework; path = System/Library/Frameworks/QuartzCore.framework; sourceTree = SDKROOT; };
		440FD65E197E03870017E92E /* DRIP.WAV */ = {isa = PBXFileReference; lastKnownFileType = audio.wav; path = DRIP.WAV; sourceTree = "<group>"; };
		440FD662197E04B20017E92E /* snare02.wav */ = {isa = PBXFileReference; lastKnownFileType = audio.wav; path = snare02.wav; sourceTree = "<group>"; };
		440FD664197E051D0017E92E /* 606chat.wav */ = {isa = PBXFileReference; lastKnownFileType = audio.wav; path = 606chat.wav; sourceTree = "<group>"; };
		440FD666197E085E0017E92E /* Lose.mp3 */ = {isa = PBXFileReference; lastKnownFileType = audio.mp3; path = Lose.mp3; sourceTree = "<group>"; };
		440FD668197E0A280017E92E /* CRYSTAL5.WAV */ = {isa = PBXFileReference; lastKnownFileType = audio.wav; path = CRYSTAL5.WAV; sourceTree = "<group>"; };
		440FD66B197E0BC80017E92E /* action.png */ = {isa = PBXFileReference; lastKnownFileType = image.png; path = action.png; sourceTree = "<group>"; };
		440FD66E197E0F420017E92E /* rate.png */ = {isa = PBXFileReference; lastKnownFileType = image.png; path = rate.png; sourceTree = "<group>"; };
		440FD670197E12520017E92E /* GameKit.framework */ = {isa = PBXFileReference; lastKnownFileType = wrapper.framework; name = GameKit.framework; path = System/Library/Frameworks/GameKit.framework; sourceTree = SDKROOT; };
		440FD67D197E14CC0017E92E /* Smashing-Info.plist */ = {isa = PBXFileReference; fileEncoding = 4; lastKnownFileType = text.plist.xml; path = "Smashing-Info.plist"; sourceTree = "<group>"; };
		440FD680197E15D60017E92E /* GameKitHelper.h */ = {isa = PBXFileReference; fileEncoding = 4; lastKnownFileType = sourcecode.c.h; path = GameKitHelper.h; sourceTree = "<group>"; };
		440FD681197E15D60017E92E /* GameKitHelper.m */ = {isa = PBXFileReference; fileEncoding = 4; lastKnownFileType = sourcecode.c.objc; path = GameKitHelper.m; sourceTree = "<group>"; };
		440FD683197E1CC40017E92E /* AchievementsHelper.h */ = {isa = PBXFileReference; fileEncoding = 4; lastKnownFileType = sourcecode.c.h; path = AchievementsHelper.h; sourceTree = "<group>"; };
		440FD684197E1CC40017E92E /* AchievementsHelper.m */ = {isa = PBXFileReference; fileEncoding = 4; lastKnownFileType = sourcecode.c.objc; path = AchievementsHelper.m; sourceTree = "<group>"; };
/* End PBXFileReference section */

/* Begin PBXFrameworksBuildPhase section */
		440FD5ED197CAD0C0017E92E /* Frameworks */ = {
			isa = PBXFrameworksBuildPhase;
			buildActionMask = 2147483647;
			files = (
				440FD645197CD3B60017E92E /* QuartzCore.framework in Frameworks */,
				440FD5F6197CAD0C0017E92E /* CoreGraphics.framework in Frameworks */,
				440FD5F8197CAD0C0017E92E /* UIKit.framework in Frameworks */,
				440FD671197E12520017E92E /* GameKit.framework in Frameworks */,
				440FD5FA197CAD0D0017E92E /* SpriteKit.framework in Frameworks */,
				440FD5F4197CAD0C0017E92E /* Foundation.framework in Frameworks */,
			);
			runOnlyForDeploymentPostprocessing = 0;
		};
		440FD618197CAD0D0017E92E /* Frameworks */ = {
			isa = PBXFrameworksBuildPhase;
			buildActionMask = 2147483647;
			files = (
				440FD61D197CAD0D0017E92E /* XCTest.framework in Frameworks */,
				440FD61F197CAD0D0017E92E /* UIKit.framework in Frameworks */,
				440FD61E197CAD0D0017E92E /* Foundation.framework in Frameworks */,
			);
			runOnlyForDeploymentPostprocessing = 0;
		};
/* End PBXFrameworksBuildPhase section */

/* Begin PBXGroup section */
		440FD5E7197CAD0C0017E92E = {
			isa = PBXGroup;
			children = (
				440FD632197CAE700017E92E /* Resource */,
				440FD5FB197CAD0D0017E92E /* Smashing */,
				440FD622197CAD0D0017E92E /* SmashingTests */,
				440FD5F2197CAD0C0017E92E /* Frameworks */,
				440FD5F1197CAD0C0017E92E /* Products */,
			);
			sourceTree = "<group>";
		};
		440FD5F1197CAD0C0017E92E /* Products */ = {
			isa = PBXGroup;
			children = (
				440FD5F0197CAD0C0017E92E /* Smashing.app */,
				440FD61B197CAD0D0017E92E /* SmashingTests.xctest */,
			);
			name = Products;
			sourceTree = "<group>";
		};
		440FD5F2197CAD0C0017E92E /* Frameworks */ = {
			isa = PBXGroup;
			children = (
				440FD670197E12520017E92E /* GameKit.framework */,
				440FD644197CD3B60017E92E /* QuartzCore.framework */,
				440FD5F3197CAD0C0017E92E /* Foundation.framework */,
				440FD5F5197CAD0C0017E92E /* CoreGraphics.framework */,
				440FD5F7197CAD0C0017E92E /* UIKit.framework */,
				440FD5F9197CAD0D0017E92E /* SpriteKit.framework */,
				440FD61C197CAD0D0017E92E /* XCTest.framework */,
			);
			name = Frameworks;
			sourceTree = "<group>";
		};
		440FD5FB197CAD0D0017E92E /* Smashing */ = {
			isa = PBXGroup;
			children = (
				440FD67F197E15B30017E92E /* GameKit */,
				440FD604197CAD0D0017E92E /* AppDelegate.h */,
				440FD605197CAD0D0017E92E /* AppDelegate.m */,
				440FD607197CAD0D0017E92E /* Main_iPhone.storyboard */,
				440FD60A197CAD0D0017E92E /* Main_iPad.storyboard */,
				440FD60D197CAD0D0017E92E /* ViewController.h */,
				440FD60E197CAD0D0017E92E /* ViewController.m */,
				440FD610197CAD0D0017E92E /* MyScene.h */,
				440FD611197CAD0D0017E92E /* MyScene.m */,
				440FD639197CBCCB0017E92E /* Bug.h */,
				440FD63A197CBCCB0017E92E /* Bug.m */,
				440FD615197CAD0D0017E92E /* Images.xcassets */,
				440FD5FC197CAD0D0017E92E /* Supporting Files */,
			);
			path = Smashing;
			sourceTree = "<group>";
		};
		440FD5FC197CAD0D0017E92E /* Supporting Files */ = {
			isa = PBXGroup;
			children = (
				440FD5FE197CAD0D0017E92E /* InfoPlist.strings */,
				440FD67D197E14CC0017E92E /* Smashing-Info.plist */,
				440FD601197CAD0D0017E92E /* main.m */,
				440FD603197CAD0D0017E92E /* Smashing-Prefix.pch */,
			);
			name = "Supporting Files";
			sourceTree = "<group>";
		};
		440FD622197CAD0D0017E92E /* SmashingTests */ = {
			isa = PBXGroup;
			children = (
				440FD628197CAD0D0017E92E /* SmashingTests.m */,
				440FD623197CAD0D0017E92E /* Supporting Files */,
			);
			path = SmashingTests;
			sourceTree = "<group>";
		};
		440FD623197CAD0D0017E92E /* Supporting Files */ = {
			isa = PBXGroup;
			children = (
				440FD624197CAD0D0017E92E /* SmashingTests-Info.plist */,
				440FD625197CAD0D0017E92E /* InfoPlist.strings */,
			);
			name = "Supporting Files";
			sourceTree = "<group>";
		};
		440FD632197CAE700017E92E /* Resource */ = {
			isa = PBXGroup;
			children = (
				440FD66B197E0BC80017E92E /* action.png */,
				440FD65E197E03870017E92E /* DRIP.WAV */,
				440FD662197E04B20017E92E /* snare02.wav */,
				440FD66E197E0F420017E92E /* rate.png */,
				440FD664197E051D0017E92E /* 606chat.wav */,
				440FD666197E085E0017E92E /* Lose.mp3 */,
				440FD633197CAE7D0017E92E /* ball.png */,
				440FD635197CAE820017E92E /* bug.png */,
				440FD668197E0A280017E92E /* CRYSTAL5.WAV */,
				440FD637197CAF220017E92E /* ground.png */,
			);
			name = Resource;
			sourceTree = "<group>";
		};
		440FD67F197E15B30017E92E /* GameKit */ = {
			isa = PBXGroup;
			children = (
				440FD680197E15D60017E92E /* GameKitHelper.h */,
				440FD681197E15D60017E92E /* GameKitHelper.m */,
				440FD683197E1CC40017E92E /* AchievementsHelper.h */,
				440FD684197E1CC40017E92E /* AchievementsHelper.m */,
			);
			name = GameKit;
			sourceTree = "<group>";
		};
/* End PBXGroup section */

/* Begin PBXNativeTarget section */
		440FD5EF197CAD0C0017E92E /* Smashing */ = {
			isa = PBXNativeTarget;
			buildConfigurationList = 440FD62C197CAD0D0017E92E /* Build configuration list for PBXNativeTarget "Smashing" */;
			buildPhases = (
				440FD5EC197CAD0C0017E92E /* Sources */,
				440FD5ED197CAD0C0017E92E /* Frameworks */,
				440FD5EE197CAD0C0017E92E /* Resources */,
			);
			buildRules = (
			);
			dependencies = (
			);
			name = Smashing;
			productName = Smashing;
			productReference = 440FD5F0197CAD0C0017E92E /* Smashing.app */;
			productType = "com.apple.product-type.application";
		};
		440FD61A197CAD0D0017E92E /* SmashingTests */ = {
			isa = PBXNativeTarget;
			buildConfigurationList = 440FD62F197CAD0D0017E92E /* Build configuration list for PBXNativeTarget "SmashingTests" */;
			buildPhases = (
				440FD617197CAD0D0017E92E /* Sources */,
				440FD618197CAD0D0017E92E /* Frameworks */,
				440FD619197CAD0D0017E92E /* Resources */,
			);
			buildRules = (
			);
			dependencies = (
				440FD621197CAD0D0017E92E /* PBXTargetDependency */,
			);
			name = SmashingTests;
			productName = SmashingTests;
			productReference = 440FD61B197CAD0D0017E92E /* SmashingTests.xctest */;
			productType = "com.apple.product-type.bundle.unit-test";
		};
/* End PBXNativeTarget section */

/* Begin PBXProject section */
		440FD5E8197CAD0C0017E92E /* Project object */ = {
			isa = PBXProject;
			attributes = {
				LastUpgradeCheck = 0500;
				ORGANIZATIONNAME = FloodSurge;
				TargetAttributes = {
					440FD5EF197CAD0C0017E92E = {
						DevelopmentTeam = RZGSSCAQVM;
						SystemCapabilities = {
							com.apple.GameCenter = {
								enabled = 1;
							};
						};
					};
					440FD61A197CAD0D0017E92E = {
						TestTargetID = 440FD5EF197CAD0C0017E92E;
					};
				};
			};
			buildConfigurationList = 440FD5EB197CAD0C0017E92E /* Build configuration list for PBXProject "Smashing" */;
			compatibilityVersion = "Xcode 3.2";
			developmentRegion = English;
			hasScannedForEncodings = 0;
			knownRegions = (
				en,
				Base,
			);
			mainGroup = 440FD5E7197CAD0C0017E92E;
			productRefGroup = 440FD5F1197CAD0C0017E92E /* Products */;
			projectDirPath = "";
			projectRoot = "";
			targets = (
				440FD5EF197CAD0C0017E92E /* Smashing */,
				440FD61A197CAD0D0017E92E /* SmashingTests */,
			);
		};
/* End PBXProject section */

/* Begin PBXResourcesBuildPhase section */
		440FD5EE197CAD0C0017E92E /* Resources */ = {
			isa = PBXResourcesBuildPhase;
			buildActionMask = 2147483647;
			files = (
				440FD616197CAD0D0017E92E /* Images.xcassets in Resources */,
				440FD667197E085E0017E92E /* Lose.mp3 in Resources */,
				440FD65F197E03870017E92E /* DRIP.WAV in Resources */,
				440FD634197CAE7D0017E92E /* ball.png in Resources */,
				440FD60C197CAD0D0017E92E /* Main_iPad.storyboard in Resources */,
				440FD638197CAF220017E92E /* ground.png in Resources */,
				440FD609197CAD0D0017E92E /* Main_iPhone.storyboard in Resources */,
				440FD665197E051D0017E92E /* 606chat.wav in Resources */,
				440FD600197CAD0D0017E92E /* InfoPlist.strings in Resources */,
				440FD663197E04B20017E92E /* snare02.wav in Resources */,
				440FD636197CAE820017E92E /* bug.png in Resources */,
				440FD66F197E0F420017E92E /* rate.png in Resources */,
				440FD669197E0A280017E92E /* CRYSTAL5.WAV in Resources */,
				440FD66D197E0BC80017E92E /* action.png in Resources */,
			);
			runOnlyForDeploymentPostprocessing = 0;
		};
		440FD619197CAD0D0017E92E /* Resources */ = {
			isa = PBXResourcesBuildPhase;
			buildActionMask = 2147483647;
			files = (
				440FD627197CAD0D0017E92E /* InfoPlist.strings in Resources */,
			);
			runOnlyForDeploymentPostprocessing = 0;
		};
/* End PBXResourcesBuildPhase section */

/* Begin PBXSourcesBuildPhase section */
		440FD5EC197CAD0C0017E92E /* Sources */ = {
			isa = PBXSourcesBuildPhase;
			buildActionMask = 2147483647;
			files = (
				440FD682197E15D60017E92E /* GameKitHelper.m in Sources */,
				440FD63B197CBCCB0017E92E /* Bug.m in Sources */,
				440FD685197E1CC40017E92E /* AchievementsHelper.m in Sources */,
				440FD612197CAD0D0017E92E /* MyScene.m in Sources */,
				440FD60F197CAD0D0017E92E /* ViewController.m in Sources */,
				440FD606197CAD0D0017E92E /* AppDelegate.m in Sources */,
				440FD602197CAD0D0017E92E /* main.m in Sources */,
			);
			runOnlyForDeploymentPostprocessing = 0;
		};
		440FD617197CAD0D0017E92E /* Sources */ = {
			isa = PBXSourcesBuildPhase;
			buildActionMask = 2147483647;
			files = (
				440FD629197CAD0D0017E92E /* SmashingTests.m in Sources */,
			);
			runOnlyForDeploymentPostprocessing = 0;
		};
/* End PBXSourcesBuildPhase section */

/* Begin PBXTargetDependency section */
		440FD621197CAD0D0017E92E /* PBXTargetDependency */ = {
			isa = PBXTargetDependency;
			target = 440FD5EF197CAD0C0017E92E /* Smashing */;
			targetProxy = 440FD620197CAD0D0017E92E /* PBXContainerItemProxy */;
		};
/* End PBXTargetDependency section */

/* Begin PBXVariantGroup section */
		440FD5FE197CAD0D0017E92E /* InfoPlist.strings */ = {
			isa = PBXVariantGroup;
			children = (
				440FD5FF197CAD0D0017E92E /* en */,
			);
			name = InfoPlist.strings;
			sourceTree = "<group>";
		};
		440FD607197CAD0D0017E92E /* Main_iPhone.storyboard */ = {
			isa = PBXVariantGroup;
			children = (
				440FD608197CAD0D0017E92E /* Base */,
			);
			name = Main_iPhone.storyboard;
			sourceTree = "<group>";
		};
		440FD60A197CAD0D0017E92E /* Main_iPad.storyboard */ = {
			isa = PBXVariantGroup;
			children = (
				440FD60B197CAD0D0017E92E /* Base */,
			);
			name = Main_iPad.storyboard;
			sourceTree = "<group>";
		};
		440FD625197CAD0D0017E92E /* InfoPlist.strings */ = {
			isa = PBXVariantGroup;
			children = (
				440FD626197CAD0D0017E92E /* en */,
			);
			name = InfoPlist.strings;
			sourceTree = "<group>";
		};
/* End PBXVariantGroup section */

/* Begin XCBuildConfiguration section */
		440FD62A197CAD0D0017E92E /* Debug */ = {
			isa = XCBuildConfiguration;
			buildSettings = {
				ALWAYS_SEARCH_USER_PATHS = NO;
				ARCHS = "$(ARCHS_STANDARD_INCLUDING_64_BIT)";
				CLANG_CXX_LANGUAGE_STANDARD = "gnu++0x";
				CLANG_CXX_LIBRARY = "libc++";
				CLANG_ENABLE_MODULES = YES;
				CLANG_ENABLE_OBJC_ARC = YES;
				CLANG_WARN_BOOL_CONVERSION = YES;
				CLANG_WARN_CONSTANT_CONVERSION = YES;
				CLANG_WARN_DIRECT_OBJC_ISA_USAGE = YES_ERROR;
				CLANG_WARN_EMPTY_BODY = YES;
				CLANG_WARN_ENUM_CONVERSION = YES;
				CLANG_WARN_INT_CONVERSION = YES;
				CLANG_WARN_OBJC_ROOT_CLASS = YES_ERROR;
				CLANG_WARN__DUPLICATE_METHOD_MATCH = YES;
				"CODE_SIGN_IDENTITY[sdk=iphoneos*]" = "iPhone Developer";
				COPY_PHASE_STRIP = NO;
				GCC_C_LANGUAGE_STANDARD = gnu99;
				GCC_DYNAMIC_NO_PIC = NO;
				GCC_OPTIMIZATION_LEVEL = 0;
				GCC_PREPROCESSOR_DEFINITIONS = (
					"DEBUG=1",
					"$(inherited)",
				);
				GCC_SYMBOLS_PRIVATE_EXTERN = NO;
				GCC_WARN_64_TO_32_BIT_CONVERSION = YES;
				GCC_WARN_ABOUT_RETURN_TYPE = YES_ERROR;
				GCC_WARN_UNDECLARED_SELECTOR = YES;
				GCC_WARN_UNINITIALIZED_AUTOS = YES;
				GCC_WARN_UNUSED_FUNCTION = YES;
				GCC_WARN_UNUSED_VARIABLE = YES;
				IPHONEOS_DEPLOYMENT_TARGET = 7.0;
				ONLY_ACTIVE_ARCH = YES;
				SDKROOT = iphoneos;
				TARGETED_DEVICE_FAMILY = "1,2";
			};
			name = Debug;
		};
		440FD62B197CAD0D0017E92E /* Release */ = {
			isa = XCBuildConfiguration;
			buildSettings = {
				ALWAYS_SEARCH_USER_PATHS = NO;
				ARCHS = "$(ARCHS_STANDARD_INCLUDING_64_BIT)";
				CLANG_CXX_LANGUAGE_STANDARD = "gnu++0x";
				CLANG_CXX_LIBRARY = "libc++";
				CLANG_ENABLE_MODULES = YES;
				CLANG_ENABLE_OBJC_ARC = YES;
				CLANG_WARN_BOOL_CONVERSION = YES;
				CLANG_WARN_CONSTANT_CONVERSION = YES;
				CLANG_WARN_DIRECT_OBJC_ISA_USAGE = YES_ERROR;
				CLANG_WARN_EMPTY_BODY = YES;
				CLANG_WARN_ENUM_CONVERSION = YES;
				CLANG_WARN_INT_CONVERSION = YES;
				CLANG_WARN_OBJC_ROOT_CLASS = YES_ERROR;
				CLANG_WARN__DUPLICATE_METHOD_MATCH = YES;
				"CODE_SIGN_IDENTITY[sdk=iphoneos*]" = "iPhone Developer";
				COPY_PHASE_STRIP = YES;
				ENABLE_NS_ASSERTIONS = NO;
				GCC_C_LANGUAGE_STANDARD = gnu99;
				GCC_WARN_64_TO_32_BIT_CONVERSION = YES;
				GCC_WARN_ABOUT_RETURN_TYPE = YES_ERROR;
				GCC_WARN_UNDECLARED_SELECTOR = YES;
				GCC_WARN_UNINITIALIZED_AUTOS = YES;
				GCC_WARN_UNUSED_FUNCTION = YES;
				GCC_WARN_UNUSED_VARIABLE = YES;
				IPHONEOS_DEPLOYMENT_TARGET = 7.0;
				SDKROOT = iphoneos;
				TARGETED_DEVICE_FAMILY = "1,2";
				VALIDATE_PRODUCT = YES;
			};
			name = Release;
		};
		440FD62D197CAD0D0017E92E /* Debug */ = {
			isa = XCBuildConfiguration;
			buildSettings = {
				ASSETCATALOG_COMPILER_APPICON_NAME = AppIcon;
				ASSETCATALOG_COMPILER_LAUNCHIMAGE_NAME = LaunchImage;
				CODE_SIGN_IDENTITY = "iPhone Developer";
				"CODE_SIGN_IDENTITY[sdk=iphoneos*]" = "iPhone Developer";
				GCC_PRECOMPILE_PREFIX_HEADER = YES;
				GCC_PREFIX_HEADER = "Smashing/Smashing-Prefix.pch";
				INFOPLIST_FILE = "Smashing/Smashing-Info.plist";
				PRODUCT_NAME = "$(TARGET_NAME)";
				PROVISIONING_PROFILE = "";
				SPRITEKIT_TEXTURE_ATLAS_OUTPUT = YES;
				TARGETED_DEVICE_FAMILY = 1;
				WRAPPER_EXTENSION = app;
			};
			name = Debug;
		};
		440FD62E197CAD0D0017E92E /* Release */ = {
			isa = XCBuildConfiguration;
			buildSettings = {
				ASSETCATALOG_COMPILER_APPICON_NAME = AppIcon;
				ASSETCATALOG_COMPILER_LAUNCHIMAGE_NAME = LaunchImage;
				CODE_SIGN_IDENTITY = "iPhone Developer";
				"CODE_SIGN_IDENTITY[sdk=iphoneos*]" = "iPhone Developer";
				GCC_PRECOMPILE_PREFIX_HEADER = YES;
				GCC_PREFIX_HEADER = "Smashing/Smashing-Prefix.pch";
				INFOPLIST_FILE = "Smashing/Smashing-Info.plist";
				PRODUCT_NAME = "$(TARGET_NAME)";
				PROVISIONING_PROFILE = "";
				SPRITEKIT_TEXTURE_ATLAS_OUTPUT = YES;
				TARGETED_DEVICE_FAMILY = 1;
				WRAPPER_EXTENSION = app;
			};
			name = Release;
		};
		440FD630197CAD0D0017E92E /* Debug */ = {
			isa = XCBuildConfiguration;
			buildSettings = {
				ARCHS = "$(ARCHS_STANDARD_INCLUDING_64_BIT)";
				BUNDLE_LOADER = "$(BUILT_PRODUCTS_DIR)/Smashing.app/Smashing";
				FRAMEWORK_SEARCH_PATHS = (
					"$(SDKROOT)/Developer/Library/Frameworks",
					"$(inherited)",
					"$(DEVELOPER_FRAMEWORKS_DIR)",
				);
				GCC_PRECOMPILE_PREFIX_HEADER = YES;
				GCC_PREFIX_HEADER = "Smashing/Smashing-Prefix.pch";
				GCC_PREPROCESSOR_DEFINITIONS = (
					"DEBUG=1",
					"$(inherited)",
				);
				INFOPLIST_FILE = "SmashingTests/SmashingTests-Info.plist";
				PRODUCT_NAME = "$(TARGET_NAME)";
				TEST_HOST = "$(BUNDLE_LOADER)";
				WRAPPER_EXTENSION = xctest;
			};
			name = Debug;
		};
		440FD631197CAD0D0017E92E /* Release */ = {
			isa = XCBuildConfiguration;
			buildSettings = {
				ARCHS = "$(ARCHS_STANDARD_INCLUDING_64_BIT)";
				BUNDLE_LOADER = "$(BUILT_PRODUCTS_DIR)/Smashing.app/Smashing";
				FRAMEWORK_SEARCH_PATHS = (
					"$(SDKROOT)/Developer/Library/Frameworks",
					"$(inherited)",
					"$(DEVELOPER_FRAMEWORKS_DIR)",
				);
				GCC_PRECOMPILE_PREFIX_HEADER = YES;
				GCC_PREFIX_HEADER = "Smashing/Smashing-Prefix.pch";
				INFOPLIST_FILE = "SmashingTests/SmashingTests-Info.plist";
				PRODUCT_NAME = "$(TARGET_NAME)";
				TEST_HOST = "$(BUNDLE_LOADER)";
				WRAPPER_EXTENSION = xctest;
			};
			name = Release;
		};
/* End XCBuildConfiguration section */

/* Begin XCConfigurationList section */
		440FD5EB197CAD0C0017E92E /* Build configuration list for PBXProject "Smashing" */ = {
			isa = XCConfigurationList;
			buildConfigurations = (
				440FD62A197CAD0D0017E92E /* Debug */,
				440FD62B197CAD0D0017E92E /* Release */,
			);
			defaultConfigurationIsVisible = 0;
			defaultConfigurationName = Release;
		};
		440FD62C197CAD0D0017E92E /* Build configuration list for PBXNativeTarget "Smashing" */ = {
			isa = XCConfigurationList;
			buildConfigurations = (
				440FD62D197CAD0D0017E92E /* Debug */,
				440FD62E197CAD0D0017E92E /* Release */,
			);
			defaultConfigurationIsVisible = 0;
			defaultConfigurationName = Release;
		};
		440FD62F197CAD0D0017E92E /* Build configuration list for PBXNativeTarget "SmashingTests" */ = {
			isa = XCConfigurationList;
			buildConfigurations = (
				440FD630197CAD0D0017E92E /* Debug */,
				440FD631197CAD0D0017E92E /* Release */,
			);
			defaultConfigurationIsVisible = 0;
			defaultConfigurationName = Release;
		};
/* End XCConfigurationList section */
	};
	rootObject = 440FD5E8197CAD0C0017E92E /* Project object */;
}
